// !$*UTF8*$!
{
	archiveVersion = 1;
	classes = {
	};
	objectVersion = 48;
	objects = {

/* Begin PBXBuildFile section */
		711B4E2E202365B200AD468B /* AppDelegate.swift in Sources */ = {isa = PBXBuildFile; fileRef = 711B4E2D202365B200AD468B /* AppDelegate.swift */; };
		711B4E30202365B200AD468B /* DiagramViewController.swift in Sources */ = {isa = PBXBuildFile; fileRef = 711B4E2F202365B200AD468B /* DiagramViewController.swift */; };
		711B4E33202365B200AD468B /* Main.storyboard in Resources */ = {isa = PBXBuildFile; fileRef = 711B4E31202365B200AD468B /* Main.storyboard */; };
		711B4E35202365B200AD468B /* Assets.xcassets in Resources */ = {isa = PBXBuildFile; fileRef = 711B4E34202365B200AD468B /* Assets.xcassets */; };
		711B4E38202365B200AD468B /* LaunchScreen.storyboard in Resources */ = {isa = PBXBuildFile; fileRef = 711B4E36202365B200AD468B /* LaunchScreen.storyboard */; };
		711B4E412023678500AD468B /* INearestable.swift in Sources */ = {isa = PBXBuildFile; fileRef = 711B4E402023678500AD468B /* INearestable.swift */; };
		711B4E45202368AE00AD468B /* ItemView.swift in Sources */ = {isa = PBXBuildFile; fileRef = 711B4E44202368AE00AD468B /* ItemView.swift */; };
		711B4E4720237A3400AD468B /* LinkView.swift in Sources */ = {isa = PBXBuildFile; fileRef = 711B4E4620237A3400AD468B /* LinkView.swift */; };
		711B4E4A2024739800AD468B /* CGRect+Extensions.swift in Sources */ = {isa = PBXBuildFile; fileRef = 711B4E492024739800AD468B /* CGRect+Extensions.swift */; };
		711B4E4D20247C3F00AD468B /* DiagramMode.swift in Sources */ = {isa = PBXBuildFile; fileRef = 711B4E4C20247C3F00AD468B /* DiagramMode.swift */; };
		71517A0E2031ADB00000DA7C /* Diagram.swift in Sources */ = {isa = PBXBuildFile; fileRef = 71517A0D2031ADB00000DA7C /* Diagram.swift */; };
		71B461F0202AFAF4004BBA87 /* IPresent.swift in Sources */ = {isa = PBXBuildFile; fileRef = 71B461EF202AFAF4004BBA87 /* IPresent.swift */; };
		9B81F8C66E2564E025031B27 /* Pods_Diagrammer.framework in Frameworks */ = {isa = PBXBuildFile; fileRef = DEA696E1EBF9661BE3F7B734 /* Pods_Diagrammer.framework */; };
/* End PBXBuildFile section */

/* Begin PBXFileReference section */
		711B4E2A202365B200AD468B /* Diagrammer.app */ = {isa = PBXFileReference; explicitFileType = wrapper.application; includeInIndex = 0; path = Diagrammer.app; sourceTree = BUILT_PRODUCTS_DIR; };
		711B4E2D202365B200AD468B /* AppDelegate.swift */ = {isa = PBXFileReference; lastKnownFileType = sourcecode.swift; path = AppDelegate.swift; sourceTree = "<group>"; };
		711B4E2F202365B200AD468B /* DiagramViewController.swift */ = {isa = PBXFileReference; lastKnownFileType = sourcecode.swift; path = DiagramViewController.swift; sourceTree = "<group>"; };
		711B4E32202365B200AD468B /* Base */ = {isa = PBXFileReference; lastKnownFileType = file.storyboard; name = Base; path = Base.lproj/Main.storyboard; sourceTree = "<group>"; };
		711B4E34202365B200AD468B /* Assets.xcassets */ = {isa = PBXFileReference; lastKnownFileType = folder.assetcatalog; path = Assets.xcassets; sourceTree = "<group>"; };
		711B4E37202365B200AD468B /* Base */ = {isa = PBXFileReference; lastKnownFileType = file.storyboard; name = Base; path = Base.lproj/LaunchScreen.storyboard; sourceTree = "<group>"; };
		711B4E39202365B200AD468B /* Info.plist */ = {isa = PBXFileReference; lastKnownFileType = text.plist.xml; path = Info.plist; sourceTree = "<group>"; };
		711B4E402023678500AD468B /* INearestable.swift */ = {isa = PBXFileReference; lastKnownFileType = sourcecode.swift; path = INearestable.swift; sourceTree = "<group>"; };
		711B4E44202368AE00AD468B /* ItemView.swift */ = {isa = PBXFileReference; lastKnownFileType = sourcecode.swift; path = ItemView.swift; sourceTree = "<group>"; };
		711B4E4620237A3400AD468B /* LinkView.swift */ = {isa = PBXFileReference; lastKnownFileType = sourcecode.swift; path = LinkView.swift; sourceTree = "<group>"; };
		711B4E492024739800AD468B /* CGRect+Extensions.swift */ = {isa = PBXFileReference; lastKnownFileType = sourcecode.swift; path = "CGRect+Extensions.swift"; sourceTree = "<group>"; };
		711B4E4C20247C3F00AD468B /* DiagramMode.swift */ = {isa = PBXFileReference; lastKnownFileType = sourcecode.swift; path = DiagramMode.swift; sourceTree = "<group>"; };
		71517A0D2031ADB00000DA7C /* Diagram.swift */ = {isa = PBXFileReference; lastKnownFileType = sourcecode.swift; path = Diagram.swift; sourceTree = "<group>"; };
		71B461EF202AFAF4004BBA87 /* IPresent.swift */ = {isa = PBXFileReference; lastKnownFileType = sourcecode.swift; path = IPresent.swift; sourceTree = "<group>"; };
		B38404F821A05F3217D70C53 /* Pods-Diagrammer.release.xcconfig */ = {isa = PBXFileReference; includeInIndex = 1; lastKnownFileType = text.xcconfig; name = "Pods-Diagrammer.release.xcconfig"; path = "Pods/Target Support Files/Pods-Diagrammer/Pods-Diagrammer.release.xcconfig"; sourceTree = "<group>"; };
		DBFA3057728AA0A4241B6201 /* Pods-Diagrammer.debug.xcconfig */ = {isa = PBXFileReference; includeInIndex = 1; lastKnownFileType = text.xcconfig; name = "Pods-Diagrammer.debug.xcconfig"; path = "Pods/Target Support Files/Pods-Diagrammer/Pods-Diagrammer.debug.xcconfig"; sourceTree = "<group>"; };
		DEA696E1EBF9661BE3F7B734 /* Pods_Diagrammer.framework */ = {isa = PBXFileReference; explicitFileType = wrapper.framework; includeInIndex = 0; path = Pods_Diagrammer.framework; sourceTree = BUILT_PRODUCTS_DIR; };
/* End PBXFileReference section */

/* Begin PBXFrameworksBuildPhase section */
		711B4E27202365B200AD468B /* Frameworks */ = {
			isa = PBXFrameworksBuildPhase;
			buildActionMask = 2147483647;
			files = (
				9B81F8C66E2564E025031B27 /* Pods_Diagrammer.framework in Frameworks */,
			);
			runOnlyForDeploymentPostprocessing = 0;
		};
/* End PBXFrameworksBuildPhase section */

/* Begin PBXGroup section */
		02EB4A2671B4CBDECFE173F2 /* Frameworks */ = {
			isa = PBXGroup;
			children = (
				DEA696E1EBF9661BE3F7B734 /* Pods_Diagrammer.framework */,
			);
			name = Frameworks;
			sourceTree = "<group>";
		};
		711B4E21202365B200AD468B = {
			isa = PBXGroup;
			children = (
				711B4E2C202365B200AD468B /* Diagrammer */,
				711B4E2B202365B200AD468B /* Products */,
				B82C7530C9B9C1BC9436A586 /* Pods */,
				02EB4A2671B4CBDECFE173F2 /* Frameworks */,
			);
			sourceTree = "<group>";
		};
		711B4E2B202365B200AD468B /* Products */ = {
			isa = PBXGroup;
			children = (
				711B4E2A202365B200AD468B /* Diagrammer.app */,
			);
			name = Products;
			sourceTree = "<group>";
		};
		711B4E2C202365B200AD468B /* Diagrammer */ = {
			isa = PBXGroup;
			children = (
				711B4E422023687F00AD468B /* Diagram */,
				711B4E482024736300AD468B /* Extensions */,
				711B4E2D202365B200AD468B /* AppDelegate.swift */,
				711B4E2F202365B200AD468B /* DiagramViewController.swift */,
				711B4E31202365B200AD468B /* Main.storyboard */,
				711B4E34202365B200AD468B /* Assets.xcassets */,
				711B4E36202365B200AD468B /* LaunchScreen.storyboard */,
				711B4E39202365B200AD468B /* Info.plist */,
			);
			path = Diagrammer;
			sourceTree = "<group>";
		};
		711B4E3F202366D100AD468B /* Protocols */ = {
			isa = PBXGroup;
			children = (
				711B4E402023678500AD468B /* INearestable.swift */,
				71B461EF202AFAF4004BBA87 /* IPresent.swift */,
			);
			path = Protocols;
			sourceTree = "<group>";
		};
		711B4E422023687F00AD468B /* Diagram */ = {
			isa = PBXGroup;
			children = (
				71517A0C2031AD3D0000DA7C /* Models */,
				711B4E4B20247BD300AD468B /* Enums */,
				711B4E3F202366D100AD468B /* Protocols */,
				711B4E432023688900AD468B /* Views */,
			);
			path = Diagram;
			sourceTree = "<group>";
		};
		711B4E432023688900AD468B /* Views */ = {
			isa = PBXGroup;
			children = (
				711B4E44202368AE00AD468B /* ItemView.swift */,
				711B4E4620237A3400AD468B /* LinkView.swift */,
			);
			path = Views;
			sourceTree = "<group>";
		};
		711B4E482024736300AD468B /* Extensions */ = {
			isa = PBXGroup;
			children = (
				711B4E492024739800AD468B /* CGRect+Extensions.swift */,
			);
			path = Extensions;
			sourceTree = "<group>";
		};
		711B4E4B20247BD300AD468B /* Enums */ = {
			isa = PBXGroup;
			children = (
				711B4E4C20247C3F00AD468B /* DiagramMode.swift */,
			);
			path = Enums;
			sourceTree = "<group>";
		};
		71517A0C2031AD3D0000DA7C /* Models */ = {
			isa = PBXGroup;
			children = (
				71517A0D2031ADB00000DA7C /* Diagram.swift */,
			);
			path = Models;
			sourceTree = "<group>";
		};
		B82C7530C9B9C1BC9436A586 /* Pods */ = {
			isa = PBXGroup;
			children = (
				DBFA3057728AA0A4241B6201 /* Pods-Diagrammer.debug.xcconfig */,
				B38404F821A05F3217D70C53 /* Pods-Diagrammer.release.xcconfig */,
			);
			name = Pods;
			sourceTree = "<group>";
		};
/* End PBXGroup section */

/* Begin PBXNativeTarget section */
		711B4E29202365B200AD468B /* Diagrammer */ = {
			isa = PBXNativeTarget;
			buildConfigurationList = 711B4E3C202365B200AD468B /* Build configuration list for PBXNativeTarget "Diagrammer" */;
			buildPhases = (
				88750E33E75AA882580EE8ED /* [CP] Check Pods Manifest.lock */,
				711B4E26202365B200AD468B /* Sources */,
				711B4E27202365B200AD468B /* Frameworks */,
				711B4E28202365B200AD468B /* Resources */,
				98D0A66B5450AD9D4AB139E8 /* [CP] Embed Pods Frameworks */,
				A328EDFCC13F00FC06A06858 /* [CP] Copy Pods Resources */,
			);
			buildRules = (
			);
			dependencies = (
			);
			name = Diagrammer;
			productName = Diagrammer;
			productReference = 711B4E2A202365B200AD468B /* Diagrammer.app */;
			productType = "com.apple.product-type.application";
		};
/* End PBXNativeTarget section */

/* Begin PBXProject section */
		711B4E22202365B200AD468B /* Project object */ = {
			isa = PBXProject;
			attributes = {
				LastSwiftUpdateCheck = 0920;
				LastUpgradeCheck = 0920;
				ORGANIZATIONNAME = adeveloper;
				TargetAttributes = {
					711B4E29202365B200AD468B = {
						CreatedOnToolsVersion = 9.2;
						ProvisioningStyle = Automatic;
					};
				};
			};
			buildConfigurationList = 711B4E25202365B200AD468B /* Build configuration list for PBXProject "Diagrammer" */;
			compatibilityVersion = "Xcode 8.0";
			developmentRegion = en;
			hasScannedForEncodings = 0;
			knownRegions = (
				en,
				Base,
			);
			mainGroup = 711B4E21202365B200AD468B;
			productRefGroup = 711B4E2B202365B200AD468B /* Products */;
			projectDirPath = "";
			projectRoot = "";
			targets = (
				711B4E29202365B200AD468B /* Diagrammer */,
			);
		};
/* End PBXProject section */

/* Begin PBXResourcesBuildPhase section */
		711B4E28202365B200AD468B /* Resources */ = {
			isa = PBXResourcesBuildPhase;
			buildActionMask = 2147483647;
			files = (
				711B4E38202365B200AD468B /* LaunchScreen.storyboard in Resources */,
				711B4E35202365B200AD468B /* Assets.xcassets in Resources */,
				711B4E33202365B200AD468B /* Main.storyboard in Resources */,
			);
			runOnlyForDeploymentPostprocessing = 0;
		};
/* End PBXResourcesBuildPhase section */

/* Begin PBXShellScriptBuildPhase section */
		88750E33E75AA882580EE8ED /* [CP] Check Pods Manifest.lock */ = {
			isa = PBXShellScriptBuildPhase;
			buildActionMask = 2147483647;
			files = (
			);
			inputPaths = (
			);
			name = "[CP] Check Pods Manifest.lock";
			outputPaths = (
			);
			runOnlyForDeploymentPostprocessing = 0;
			shellPath = /bin/sh;
			shellScript = "diff \"${PODS_PODFILE_DIR_PATH}/Podfile.lock\" \"${PODS_ROOT}/Manifest.lock\" > /dev/null\nif [ $? != 0 ] ; then\n    # print error to STDERR\n    echo \"error: The sandbox is not in sync with the Podfile.lock. Run 'pod install' or update your CocoaPods installation.\" >&2\n    exit 1\nfi\n";
			showEnvVarsInLog = 0;
		};
		98D0A66B5450AD9D4AB139E8 /* [CP] Embed Pods Frameworks */ = {
			isa = PBXShellScriptBuildPhase;
			buildActionMask = 2147483647;
			files = (
			);
			inputPaths = (
			);
			name = "[CP] Embed Pods Frameworks";
			outputPaths = (
			);
			runOnlyForDeploymentPostprocessing = 0;
			shellPath = /bin/sh;
			shellScript = "\"${SRCROOT}/Pods/Target Support Files/Pods-Diagrammer/Pods-Diagrammer-frameworks.sh\"\n";
			showEnvVarsInLog = 0;
		};
		A328EDFCC13F00FC06A06858 /* [CP] Copy Pods Resources */ = {
			isa = PBXShellScriptBuildPhase;
			buildActionMask = 2147483647;
			files = (
			);
			inputPaths = (
			);
			name = "[CP] Copy Pods Resources";
			outputPaths = (
			);
			runOnlyForDeploymentPostprocessing = 0;
			shellPath = /bin/sh;
			shellScript = "\"${SRCROOT}/Pods/Target Support Files/Pods-Diagrammer/Pods-Diagrammer-resources.sh\"\n";
			showEnvVarsInLog = 0;
		};
/* End PBXShellScriptBuildPhase section */

/* Begin PBXSourcesBuildPhase section */
		711B4E26202365B200AD468B /* Sources */ = {
			isa = PBXSourcesBuildPhase;
			buildActionMask = 2147483647;
			files = (
				711B4E30202365B200AD468B /* DiagramViewController.swift in Sources */,
				711B4E4A2024739800AD468B /* CGRect+Extensions.swift in Sources */,
				711B4E412023678500AD468B /* INearestable.swift in Sources */,
				71B461F0202AFAF4004BBA87 /* IPresent.swift in Sources */,
				711B4E2E202365B200AD468B /* AppDelegate.swift in Sources */,
				711B4E45202368AE00AD468B /* ItemView.swift in Sources */,
				711B4E4D20247C3F00AD468B /* DiagramMode.swift in Sources */,
				711B4E4720237A3400AD468B /* LinkView.swift in Sources */,
				71517A0E2031ADB00000DA7C /* Diagram.swift in Sources */,
			);
			runOnlyForDeploymentPostprocessing = 0;
		};
/* End PBXSourcesBuildPhase section */

/* Begin PBXVariantGroup section */
		711B4E31202365B200AD468B /* Main.storyboard */ = {
			isa = PBXVariantGroup;
			children = (
				711B4E32202365B200AD468B /* Base */,
			);
			name = Main.storyboard;
			sourceTree = "<group>";
		};
		711B4E36202365B200AD468B /* LaunchScreen.storyboard */ = {
			isa = PBXVariantGroup;
			children = (
				711B4E37202365B200AD468B /* Base */,
			);
			name = LaunchScreen.storyboard;
			sourceTree = "<group>";
		};
/* End PBXVariantGroup section */

/* Begin XCBuildConfiguration section */
		711B4E3A202365B200AD468B /* Debug */ = {
			isa = XCBuildConfiguration;
			buildSettings = {
				ALWAYS_SEARCH_USER_PATHS = NO;
				CLANG_ANALYZER_NONNULL = YES;
				CLANG_ANALYZER_NUMBER_OBJECT_CONVERSION = YES_AGGRESSIVE;
				CLANG_CXX_LANGUAGE_STANDARD = "gnu++14";
				CLANG_CXX_LIBRARY = "libc++";
				CLANG_ENABLE_MODULES = YES;
				CLANG_ENABLE_OBJC_ARC = YES;
				CLANG_WARN_BLOCK_CAPTURE_AUTORELEASING = YES;
				CLANG_WARN_BOOL_CONVERSION = YES;
				CLANG_WARN_COMMA = YES;
				CLANG_WARN_CONSTANT_CONVERSION = YES;
				CLANG_WARN_DIRECT_OBJC_ISA_USAGE = YES_ERROR;
				CLANG_WARN_DOCUMENTATION_COMMENTS = YES;
				CLANG_WARN_EMPTY_BODY = YES;
				CLANG_WARN_ENUM_CONVERSION = YES;
				CLANG_WARN_INFINITE_RECURSION = YES;
				CLANG_WARN_INT_CONVERSION = YES;
				CLANG_WARN_NON_LITERAL_NULL_CONVERSION = YES;
				CLANG_WARN_OBJC_LITERAL_CONVERSION = YES;
				CLANG_WARN_OBJC_ROOT_CLASS = YES_ERROR;
				CLANG_WARN_RANGE_LOOP_ANALYSIS = YES;
				CLANG_WARN_STRICT_PROTOTYPES = YES;
				CLANG_WARN_SUSPICIOUS_MOVE = YES;
				CLANG_WARN_UNGUARDED_AVAILABILITY = YES_AGGRESSIVE;
				CLANG_WARN_UNREACHABLE_CODE = YES;
				CLANG_WARN__DUPLICATE_METHOD_MATCH = YES;
				CODE_SIGN_IDENTITY = "iPhone Developer";
				COPY_PHASE_STRIP = NO;
				DEBUG_INFORMATION_FORMAT = dwarf;
				ENABLE_STRICT_OBJC_MSGSEND = YES;
				ENABLE_TESTABILITY = YES;
				GCC_C_LANGUAGE_STANDARD = gnu11;
				GCC_DYNAMIC_NO_PIC = NO;
				GCC_NO_COMMON_BLOCKS = YES;
				GCC_OPTIMIZATION_LEVEL = 0;
				GCC_PREPROCESSOR_DEFINITIONS = (
					"DEBUG=1",
					"$(inherited)",
				);
				GCC_WARN_64_TO_32_BIT_CONVERSION = YES;
				GCC_WARN_ABOUT_RETURN_TYPE = YES_ERROR;
				GCC_WARN_UNDECLARED_SELECTOR = YES;
				GCC_WARN_UNINITIALIZED_AUTOS = YES_AGGRESSIVE;
				GCC_WARN_UNUSED_FUNCTION = YES;
				GCC_WARN_UNUSED_VARIABLE = YES;
				IPHONEOS_DEPLOYMENT_TARGET = 11.2;
				MTL_ENABLE_DEBUG_INFO = YES;
				ONLY_ACTIVE_ARCH = YES;
				SDKROOT = iphoneos;
				SWIFT_ACTIVE_COMPILATION_CONDITIONS = DEBUG;
				SWIFT_OPTIMIZATION_LEVEL = "-Onone";
			};
			name = Debug;
		};
		711B4E3B202365B200AD468B /* Release */ = {
			isa = XCBuildConfiguration;
			buildSettings = {
				ALWAYS_SEARCH_USER_PATHS = NO;
				CLANG_ANALYZER_NONNULL = YES;
				CLANG_ANALYZER_NUMBER_OBJECT_CONVERSION = YES_AGGRESSIVE;
				CLANG_CXX_LANGUAGE_STANDARD = "gnu++14";
				CLANG_CXX_LIBRARY = "libc++";
				CLANG_ENABLE_MODULES = YES;
				CLANG_ENABLE_OBJC_ARC = YES;
				CLANG_WARN_BLOCK_CAPTURE_AUTORELEASING = YES;
				CLANG_WARN_BOOL_CONVERSION = YES;
				CLANG_WARN_COMMA = YES;
				CLANG_WARN_CONSTANT_CONVERSION = YES;
				CLANG_WARN_DIRECT_OBJC_ISA_USAGE = YES_ERROR;
				CLANG_WARN_DOCUMENTATION_COMMENTS = YES;
				CLANG_WARN_EMPTY_BODY = YES;
				CLANG_WARN_ENUM_CONVERSION = YES;
				CLANG_WARN_INFINITE_RECURSION = YES;
				CLANG_WARN_INT_CONVERSION = YES;
				CLANG_WARN_NON_LITERAL_NULL_CONVERSION = YES;
				CLANG_WARN_OBJC_LITERAL_CONVERSION = YES;
				CLANG_WARN_OBJC_ROOT_CLASS = YES_ERROR;
				CLANG_WARN_RANGE_LOOP_ANALYSIS = YES;
				CLANG_WARN_STRICT_PROTOTYPES = YES;
				CLANG_WARN_SUSPICIOUS_MOVE = YES;
				CLANG_WARN_UNGUARDED_AVAILABILITY = YES_AGGRESSIVE;
				CLANG_WARN_UNREACHABLE_CODE = YES;
				CLANG_WARN__DUPLICATE_METHOD_MATCH = YES;
				CODE_SIGN_IDENTITY = "iPhone Developer";
				COPY_PHASE_STRIP = NO;
				DEBUG_INFORMATION_FORMAT = "dwarf-with-dsym";
				ENABLE_NS_ASSERTIONS = NO;
				ENABLE_STRICT_OBJC_MSGSEND = YES;
				GCC_C_LANGUAGE_STANDARD = gnu11;
				GCC_NO_COMMON_BLOCKS = YES;
				GCC_WARN_64_TO_32_BIT_CONVERSION = YES;
				GCC_WARN_ABOUT_RETURN_TYPE = YES_ERROR;
				GCC_WARN_UNDECLARED_SELECTOR = YES;
				GCC_WARN_UNINITIALIZED_AUTOS = YES_AGGRESSIVE;
				GCC_WARN_UNUSED_FUNCTION = YES;
				GCC_WARN_UNUSED_VARIABLE = YES;
				IPHONEOS_DEPLOYMENT_TARGET = 11.2;
				MTL_ENABLE_DEBUG_INFO = NO;
				SDKROOT = iphoneos;
				SWIFT_OPTIMIZATION_LEVEL = "-Owholemodule";
				VALIDATE_PRODUCT = YES;
			};
			name = Release;
		};
		711B4E3D202365B200AD468B /* Debug */ = {
			isa = XCBuildConfiguration;
			baseConfigurationReference = DBFA3057728AA0A4241B6201 /* Pods-Diagrammer.debug.xcconfig */;
			buildSettings = {
				ASSETCATALOG_COMPILER_APPICON_NAME = AppIcon;
				CODE_SIGN_STYLE = Automatic;
				DEVELOPMENT_TEAM = RF42FG352F;
				INFOPLIST_FILE = Diagrammer/Info.plist;
				LD_RUNPATH_SEARCH_PATHS = "$(inherited) @executable_path/Frameworks";
				PRODUCT_BUNDLE_IDENTIFIER = adeveloper.Diagrammer;
				PRODUCT_NAME = "$(TARGET_NAME)";
				SWIFT_VERSION = 4.0;
				TARGETED_DEVICE_FAMILY = "1,2";
			};
			name = Debug;
		};
		711B4E3E202365B200AD468B /* Release */ = {
			isa = XCBuildConfiguration;
			baseConfigurationReference = B38404F821A05F3217D70C53 /* Pods-Diagrammer.release.xcconfig */;
			buildSettings = {
				ASSETCATALOG_COMPILER_APPICON_NAME = AppIcon;
				CODE_SIGN_STYLE = Automatic;
				DEVELOPMENT_TEAM = RF42FG352F;
				INFOPLIST_FILE = Diagrammer/Info.plist;
				LD_RUNPATH_SEARCH_PATHS = "$(inherited) @executable_path/Frameworks";
				PRODUCT_BUNDLE_IDENTIFIER = adeveloper.Diagrammer;
				PRODUCT_NAME = "$(TARGET_NAME)";
				SWIFT_VERSION = 4.0;
				TARGETED_DEVICE_FAMILY = "1,2";
			};
			name = Release;
		};
/* End XCBuildConfiguration section */

/* Begin XCConfigurationList section */
		711B4E25202365B200AD468B /* Build configuration list for PBXProject "Diagrammer" */ = {
			isa = XCConfigurationList;
			buildConfigurations = (
				711B4E3A202365B200AD468B /* Debug */,
				711B4E3B202365B200AD468B /* Release */,
			);
			defaultConfigurationIsVisible = 0;
			defaultConfigurationName = Release;
		};
		711B4E3C202365B200AD468B /* Build configuration list for PBXNativeTarget "Diagrammer" */ = {
			isa = XCConfigurationList;
			buildConfigurations = (
				711B4E3D202365B200AD468B /* Debug */,
				711B4E3E202365B200AD468B /* Release */,
			);
			defaultConfigurationIsVisible = 0;
			defaultConfigurationName = Release;
		};
/* End XCConfigurationList section */
	};
	rootObject = 711B4E22202365B200AD468B /* Project object */;
}
